
Microsoft Visual Studio Solution File, Format Version 12.00
# Visual Studio 15
VisualStudioVersion = 15.0.27703.2042
MinimumVisualStudioVersion = 10.0.40219.1
Project("{FAE04EC0-301F-11D3-BF4B-00C04F79EFBC}") = "Demo1", "Demo1\Demo1.csproj", "{335A849F-9431-47A6-B98D-BA42BA148920}"
EndProject
Project("{FAE04EC0-301F-11D3-BF4B-00C04F79EFBC}") = "PDFTOWORD", "PDFTOWORD\PDFTOWORD.csproj", "{C3CA569E-BD0A-4CDD-9DA2-4B7A609D0FDD}"
EndProject
Project("{FAE04EC0-301F-11D3-BF4B-00C04F79EFBC}") = "Wpfdemo", "Wpfdemo\Wpfdemo.csproj", "{99D06A81-39B9-4976-84F6-BC7B316C6DAA}"
EndProject
Project("{FAE04EC0-301F-11D3-BF4B-00C04F79EFBC}") = "TpsEditor", "TpsEditor\TpsEditor.csproj", "{B5565C83-78A2-4BEE-AD58-ADBF44FD1D8B}"
EndProject
Global
	GlobalSection(SolutionConfigurationPlatforms) = preSolution
		Debug|Any CPU = Debug|Any CPU
		Debug|x64 = Debug|x64
		Release|Any CPU = Release|Any CPU
		Release|x64 = Release|x64
	EndGlobalSection
	GlobalSection(ProjectConfigurationPlatforms) = postSolution
		{335A849F-9431-47A6-B98D-BA42BA148920}.Debug|Any CPU.ActiveCfg = Debug|Any CPU
		{335A849F-9431-47A6-B98D-BA42BA148920}.Debug|Any CPU.Build.0 = Debug|Any CPU
		{335A849F-9431-47A6-B98D-BA42BA148920}.Debug|x64.ActiveCfg = Debug|x64
		{335A849F-9431-47A6-B98D-BA42BA148920}.Debug|x64.Build.0 = Debug|x64
		{335A849F-9431-47A6-B98D-BA42BA148920}.Release|Any CPU.ActiveCfg = Release|Any CPU
		{335A849F-9431-47A6-B98D-BA42BA148920}.Release|Any CPU.Build.0 = Release|Any CPU
		{335A849F-9431-47A6-B98D-BA42BA148920}.Release|x64.ActiveCfg = Release|x64
		{335A849F-9431-47A6-B98D-BA42BA148920}.Release|x64.Build.0 = Release|x64
		{C3CA569E-BD0A-4CDD-9DA2-4B7A609D0FDD}.Debug|Any CPU.ActiveCfg = Debug|Any CPU
		{C3CA569E-BD0A-4CDD-9DA2-4B7A609D0FDD}.Debug|Any CPU.Build.0 = Debug|Any CPU
		{C3CA569E-BD0A-4CDD-9DA2-4B7A609D0FDD}.Debug|x64.ActiveCfg = Debug|x64
		{C3CA569E-BD0A-4CDD-9DA2-4B7A609D0FDD}.Debug|x64.Build.0 = Debug|x64
		{C3CA569E-BD0A-4CDD-9DA2-4B7A609D0FDD}.Release|Any CPU.ActiveCfg = Release|Any CPU
		{C3CA569E-BD0A-4CDD-9DA2-4B7A609D0FDD}.Release|Any CPU.Build.0 = Release|Any CPU
		{C3CA569E-BD0A-4CDD-9DA2-4B7A609D0FDD}.Release|x64.ActiveCfg = Release|x64
		{C3CA569E-BD0A-4CDD-9DA2-4B7A609D0FDD}.Release|x64.Build.0 = Release|x64
		{99D06A81-39B9-4976-84F6-BC7B316C6DAA}.Debug|Any CPU.ActiveCfg = Debug|Any CPU
		{99D06A81-39B9-4976-84F6-BC7B316C6DAA}.Debug|Any CPU.Build.0 = Debug|Any CPU
		{99D06A81-39B9-4976-84F6-BC7B316C6DAA}.Debug|x64.ActiveCfg = Debug|Any CPU
		{99D06A81-39B9-4976-84F6-BC7B316C6DAA}.Debug|x64.Build.0 = Debug|Any CPU
		{99D06A81-39B9-4976-84F6-BC7B316C6DAA}.Release|Any CPU.ActiveCfg = Release|Any CPU
		{99D06A81-39B9-4976-84F6-BC7B316C6DAA}.Release|Any CPU.Build.0 = Release|Any CPU
		{99D06A81-39B9-4976-84F6-BC7B316C6DAA}.Release|x64.ActiveCfg = Release|Any CPU
		{99D06A81-39B9-4976-84F6-BC7B316C6DAA}.Release|x64.Build.0 = Release|Any CPU
		{B5565C83-78A2-4BEE-AD58-ADBF44FD1D8B}.Debug|Any CPU.ActiveCfg = Debug|Any CPU
		{B5565C83-78A2-4BEE-AD58-ADBF44FD1D8B}.Debug|Any CPU.Build.0 = Debug|Any CPU
		{B5565C83-78A2-4BEE-AD58-ADBF44FD1D8B}.Debug|x64.ActiveCfg = Debug|Any CPU
		{B5565C83-78A2-4BEE-AD58-ADBF44FD1D8B}.Debug|x64.Build.0 = Debug|Any CPU
		{B5565C83-78A2-4BEE-AD58-ADBF44FD1D8B}.Release|Any CPU.ActiveCfg = Release|Any CPU
		{B5565C83-78A2-4BEE-AD58-ADBF44FD1D8B}.Release|Any CPU.Build.0 = Release|Any CPU
		{B5565C83-78A2-4BEE-AD58-ADBF44FD1D8B}.Release|x64.ActiveCfg = Release|Any CPU
		{B5565C83-78A2-4BEE-AD58-ADBF44FD1D8B}.Release|x64.Build.0 = Release|Any CPU
	EndGlobalSection
	GlobalSection(SolutionProperties) = preSolution
		HideSolutionNode = FALSE
	EndGlobalSection
	GlobalSection(ExtensibilityGlobals) = postSolution
		SolutionGuid = {27DB25DA-254C-4EFF-94CF-7FF5A8F8A45B}
	EndGlobalSection
EndGlobal
